// !$*UTF8*$!
{
	archiveVersion = 1;
	classes = {
	};
	objectVersion = 77;
	objects = {

/* Begin PBXContainerItemProxy section */
		016F2B5A2CDE9FC7004205E7 /* PBXContainerItemProxy */ = {
			isa = PBXContainerItemProxy;
			containerPortal = 016F2B412CDE9FC5004205E7 /* Project object */;
			proxyType = 1;
			remoteGlobalIDString = 016F2B482CDE9FC5004205E7;
			remoteInfo = Hauk;
		};
		016F2B642CDE9FC7004205E7 /* PBXContainerItemProxy */ = {
			isa = PBXContainerItemProxy;
			containerPortal = 016F2B412CDE9FC5004205E7 /* Project object */;
			proxyType = 1;
			remoteGlobalIDString = 016F2B482CDE9FC5004205E7;
			remoteInfo = Hauk;
		};
/* End PBXContainerItemProxy section */

/* Begin PBXFileReference section */
		016F2B492CDE9FC5004205E7 /* Hauk.app */ = {isa = PBXFileReference; explicitFileType = wrapper.application; includeInIndex = 0; path = Hauk.app; sourceTree = BUILT_PRODUCTS_DIR; };
		016F2B592CDE9FC7004205E7 /* HaukTests.xctest */ = {isa = PBXFileReference; explicitFileType = wrapper.cfbundle; includeInIndex = 0; path = HaukTests.xctest; sourceTree = BUILT_PRODUCTS_DIR; };
		016F2B632CDE9FC7004205E7 /* HaukUITests.xctest */ = {isa = PBXFileReference; explicitFileType = wrapper.cfbundle; includeInIndex = 0; path = HaukUITests.xctest; sourceTree = BUILT_PRODUCTS_DIR; };
/* End PBXFileReference section */

/* Begin PBXFileSystemSynchronizedBuildFileExceptionSet section */
		01D20E302CDF79640008FC2A /* Exceptions for "Hauk" folder in "Hauk" target */ = {
			isa = PBXFileSystemSynchronizedBuildFileExceptionSet;
			membershipExceptions = (
				Info.plist,
			);
			target = 016F2B482CDE9FC5004205E7 /* Hauk */;
		};
/* End PBXFileSystemSynchronizedBuildFileExceptionSet section */

/* Begin PBXFileSystemSynchronizedRootGroup section */
		016F2B4B2CDE9FC5004205E7 /* Hauk */ = {
			isa = PBXFileSystemSynchronizedRootGroup;
			exceptions = (
				01D20E302CDF79640008FC2A /* Exceptions for "Hauk" folder in "Hauk" target */,
			);
			path = Hauk;
			sourceTree = "<group>";
		};
		016F2B5C2CDE9FC7004205E7 /* HaukTests */ = {
			isa = PBXFileSystemSynchronizedRootGroup;
			path = HaukTests;
			sourceTree = "<group>";
		};
		016F2B662CDE9FC7004205E7 /* HaukUITests */ = {
			isa = PBXFileSystemSynchronizedRootGroup;
			path = HaukUITests;
			sourceTree = "<group>";
		};
/* End PBXFileSystemSynchronizedRootGroup section */

/* Begin PBXFrameworksBuildPhase section */
		016F2B462CDE9FC5004205E7 /* Frameworks */ = {
			isa = PBXFrameworksBuildPhase;
			buildActionMask = 2147483647;
			files = (
			);
			runOnlyForDeploymentPostprocessing = 0;
		};
		016F2B562CDE9FC7004205E7 /* Frameworks */ = {
			isa = PBXFrameworksBuildPhase;
			buildActionMask = 2147483647;
			files = (
			);
			runOnlyForDeploymentPostprocessing = 0;
		};
		016F2B602CDE9FC7004205E7 /* Frameworks */ = {
			isa = PBXFrameworksBuildPhase;
			buildActionMask = 2147483647;
			files = (
			);
			runOnlyForDeploymentPostprocessing = 0;
		};
/* End PBXFrameworksBuildPhase section */

/* Begin PBXGroup section */
		016F2B402CDE9FC4004205E7 = {
			isa = PBXGroup;
			children = (
				016F2B4B2CDE9FC5004205E7 /* Hauk */,
				016F2B5C2CDE9FC7004205E7 /* HaukTests */,
				016F2B662CDE9FC7004205E7 /* HaukUITests */,
				016F2B4A2CDE9FC5004205E7 /* Products */,
			);
			sourceTree = "<group>";
		};
		016F2B4A2CDE9FC5004205E7 /* Products */ = {
			isa = PBXGroup;
			children = (
				016F2B492CDE9FC5004205E7 /* Hauk.app */,
				016F2B592CDE9FC7004205E7 /* HaukTests.xctest */,
				016F2B632CDE9FC7004205E7 /* HaukUITests.xctest */,
			);
			name = Products;
			sourceTree = "<group>";
		};
/* End PBXGroup section */

/* Begin PBXNativeTarget section */
		016F2B482CDE9FC5004205E7 /* Hauk */ = {
			isa = PBXNativeTarget;
			buildConfigurationList = 016F2B6D2CDE9FC7004205E7 /* Build configuration list for PBXNativeTarget "Hauk" */;
			buildPhases = (
				016F2B452CDE9FC5004205E7 /* Sources */,
				016F2B462CDE9FC5004205E7 /* Frameworks */,
				016F2B472CDE9FC5004205E7 /* Resources */,
			);
			buildRules = (
			);
			dependencies = (
			);
			fileSystemSynchronizedGroups = (
				016F2B4B2CDE9FC5004205E7 /* Hauk */,
			);
			name = Hauk;
			packageProductDependencies = (
			);
			productName = Hauk;
			productReference = 016F2B492CDE9FC5004205E7 /* Hauk.app */;
			productType = "com.apple.product-type.application";
		};
		016F2B582CDE9FC7004205E7 /* HaukTests */ = {
			isa = PBXNativeTarget;
			buildConfigurationList = 016F2B702CDE9FC7004205E7 /* Build configuration list for PBXNativeTarget "HaukTests" */;
			buildPhases = (
				016F2B552CDE9FC7004205E7 /* Sources */,
				016F2B562CDE9FC7004205E7 /* Frameworks */,
				016F2B572CDE9FC7004205E7 /* Resources */,
			);
			buildRules = (
			);
			dependencies = (
				016F2B5B2CDE9FC7004205E7 /* PBXTargetDependency */,
			);
			fileSystemSynchronizedGroups = (
				016F2B5C2CDE9FC7004205E7 /* HaukTests */,
			);
			name = HaukTests;
			packageProductDependencies = (
			);
			productName = HaukTests;
			productReference = 016F2B592CDE9FC7004205E7 /* HaukTests.xctest */;
			productType = "com.apple.product-type.bundle.unit-test";
		};
		016F2B622CDE9FC7004205E7 /* HaukUITests */ = {
			isa = PBXNativeTarget;
			buildConfigurationList = 016F2B732CDE9FC7004205E7 /* Build configuration list for PBXNativeTarget "HaukUITests" */;
			buildPhases = (
				016F2B5F2CDE9FC7004205E7 /* Sources */,
				016F2B602CDE9FC7004205E7 /* Frameworks */,
				016F2B612CDE9FC7004205E7 /* Resources */,
			);
			buildRules = (
			);
			dependencies = (
				016F2B652CDE9FC7004205E7 /* PBXTargetDependency */,
			);
			fileSystemSynchronizedGroups = (
				016F2B662CDE9FC7004205E7 /* HaukUITests */,
			);
			name = HaukUITests;
			packageProductDependencies = (
			);
			productName = HaukUITests;
			productReference = 016F2B632CDE9FC7004205E7 /* HaukUITests.xctest */;
			productType = "com.apple.product-type.bundle.ui-testing";
		};
/* End PBXNativeTarget section */

/* Begin PBXProject section */
		016F2B412CDE9FC5004205E7 /* Project object */ = {
			isa = PBXProject;
			attributes = {
				BuildIndependentTargetsInParallel = 1;
				LastSwiftUpdateCheck = 1610;
				LastUpgradeCheck = 1610;
				TargetAttributes = {
					016F2B482CDE9FC5004205E7 = {
						CreatedOnToolsVersion = 16.1;
					};
					016F2B582CDE9FC7004205E7 = {
						CreatedOnToolsVersion = 16.1;
						TestTargetID = 016F2B482CDE9FC5004205E7;
					};
					016F2B622CDE9FC7004205E7 = {
						CreatedOnToolsVersion = 16.1;
						TestTargetID = 016F2B482CDE9FC5004205E7;
					};
				};
			};
			buildConfigurationList = 016F2B442CDE9FC5004205E7 /* Build configuration list for PBXProject "Hauk" */;
			developmentRegion = en;
			hasScannedForEncodings = 0;
			knownRegions = (
				en,
				Base,
			);
			mainGroup = 016F2B402CDE9FC4004205E7;
			minimizedProjectReferenceProxies = 1;
			preferredProjectObjectVersion = 77;
			productRefGroup = 016F2B4A2CDE9FC5004205E7 /* Products */;
			projectDirPath = "";
			projectRoot = "";
			targets = (
				016F2B482CDE9FC5004205E7 /* Hauk */,
				016F2B582CDE9FC7004205E7 /* HaukTests */,
				016F2B622CDE9FC7004205E7 /* HaukUITests */,
			);
		};
/* End PBXProject section */

/* Begin PBXResourcesBuildPhase section */
		016F2B472CDE9FC5004205E7 /* Resources */ = {
			isa = PBXResourcesBuildPhase;
			buildActionMask = 2147483647;
			files = (
			);
			runOnlyForDeploymentPostprocessing = 0;
		};
		016F2B572CDE9FC7004205E7 /* Resources */ = {
			isa = PBXResourcesBuildPhase;
			buildActionMask = 2147483647;
			files = (
			);
			runOnlyForDeploymentPostprocessing = 0;
		};
		016F2B612CDE9FC7004205E7 /* Resources */ = {
			isa = PBXResourcesBuildPhase;
			buildActionMask = 2147483647;
			files = (
			);
			runOnlyForDeploymentPostprocessing = 0;
		};
/* End PBXResourcesBuildPhase section */

/* Begin PBXSourcesBuildPhase section */
		016F2B452CDE9FC5004205E7 /* Sources */ = {
			isa = PBXSourcesBuildPhase;
			buildActionMask = 2147483647;
			files = (
			);
			runOnlyForDeploymentPostprocessing = 0;
		};
		016F2B552CDE9FC7004205E7 /* Sources */ = {
			isa = PBXSourcesBuildPhase;
			buildActionMask = 2147483647;
			files = (
			);
			runOnlyForDeploymentPostprocessing = 0;
		};
		016F2B5F2CDE9FC7004205E7 /* Sources */ = {
			isa = PBXSourcesBuildPhase;
			buildActionMask = 2147483647;
			files = (
			);
			runOnlyForDeploymentPostprocessing = 0;
		};
/* End PBXSourcesBuildPhase section */

/* Begin PBXTargetDependency section */
		016F2B5B2CDE9FC7004205E7 /* PBXTargetDependency */ = {
			isa = PBXTargetDependency;
			target = 016F2B482CDE9FC5004205E7 /* Hauk */;
			targetProxy = 016F2B5A2CDE9FC7004205E7 /* PBXContainerItemProxy */;
		};
		016F2B652CDE9FC7004205E7 /* PBXTargetDependency */ = {
			isa = PBXTargetDependency;
			target = 016F2B482CDE9FC5004205E7 /* Hauk */;
			targetProxy = 016F2B642CDE9FC7004205E7 /* PBXContainerItemProxy */;
		};
/* End PBXTargetDependency section */

/* Begin XCBuildConfiguration section */
		016F2B6B2CDE9FC7004205E7 /* Debug */ = {
			isa = XCBuildConfiguration;
			buildSettings = {
				ALWAYS_SEARCH_USER_PATHS = NO;
				ASSETCATALOG_COMPILER_GENERATE_SWIFT_ASSET_SYMBOL_EXTENSIONS = YES;
				CLANG_ANALYZER_NONNULL = YES;
				CLANG_ANALYZER_NUMBER_OBJECT_CONVERSION = YES_AGGRESSIVE;
				CLANG_CXX_LANGUAGE_STANDARD = "gnu++20";
				CLANG_ENABLE_MODULES = YES;
				CLANG_ENABLE_OBJC_ARC = YES;
				CLANG_ENABLE_OBJC_WEAK = YES;
				CLANG_WARN_BLOCK_CAPTURE_AUTORELEASING = YES;
				CLANG_WARN_BOOL_CONVERSION = YES;
				CLANG_WARN_COMMA = YES;
				CLANG_WARN_CONSTANT_CONVERSION = YES;
				CLANG_WARN_DEPRECATED_OBJC_IMPLEMENTATIONS = YES;
				CLANG_WARN_DIRECT_OBJC_ISA_USAGE = YES_ERROR;
				CLANG_WARN_DOCUMENTATION_COMMENTS = YES;
				CLANG_WARN_EMPTY_BODY = YES;
				CLANG_WARN_ENUM_CONVERSION = YES;
				CLANG_WARN_INFINITE_RECURSION = YES;
				CLANG_WARN_INT_CONVERSION = YES;
				CLANG_WARN_NON_LITERAL_NULL_CONVERSION = YES;
				CLANG_WARN_OBJC_IMPLICIT_RETAIN_SELF = YES;
				CLANG_WARN_OBJC_LITERAL_CONVERSION = YES;
				CLANG_WARN_OBJC_ROOT_CLASS = YES_ERROR;
				CLANG_WARN_QUOTED_INCLUDE_IN_FRAMEWORK_HEADER = YES;
				CLANG_WARN_RANGE_LOOP_ANALYSIS = YES;
				CLANG_WARN_STRICT_PROTOTYPES = YES;
				CLANG_WARN_SUSPICIOUS_MOVE = YES;
				CLANG_WARN_UNGUARDED_AVAILABILITY = YES_AGGRESSIVE;
				CLANG_WARN_UNREACHABLE_CODE = YES;
				CLANG_WARN__DUPLICATE_METHOD_MATCH = YES;
				COPY_PHASE_STRIP = NO;
				DEBUG_INFORMATION_FORMAT = dwarf;
				ENABLE_STRICT_OBJC_MSGSEND = YES;
				ENABLE_TESTABILITY = YES;
				ENABLE_USER_SCRIPT_SANDBOXING = YES;
				GCC_C_LANGUAGE_STANDARD = gnu17;
				GCC_DYNAMIC_NO_PIC = NO;
				GCC_NO_COMMON_BLOCKS = YES;
				GCC_OPTIMIZATION_LEVEL = 0;
				GCC_PREPROCESSOR_DEFINITIONS = (
					"DEBUG=1",
					"$(inherited)",
				);
				GCC_WARN_64_TO_32_BIT_CONVERSION = YES;
				GCC_WARN_ABOUT_RETURN_TYPE = YES_ERROR;
				GCC_WARN_UNDECLARED_SELECTOR = YES;
				GCC_WARN_UNINITIALIZED_AUTOS = YES_AGGRESSIVE;
				GCC_WARN_UNUSED_FUNCTION = YES;
				GCC_WARN_UNUSED_VARIABLE = YES;
				IPHONEOS_DEPLOYMENT_TARGET = 18.1;
				LOCALIZATION_PREFERS_STRING_CATALOGS = YES;
				MTL_ENABLE_DEBUG_INFO = INCLUDE_SOURCE;
				MTL_FAST_MATH = YES;
				ONLY_ACTIVE_ARCH = YES;
				SDKROOT = iphoneos;
				SWIFT_ACTIVE_COMPILATION_CONDITIONS = "DEBUG $(inherited)";
				SWIFT_OPTIMIZATION_LEVEL = "-Onone";
			};
			name = Debug;
		};
		016F2B6C2CDE9FC7004205E7 /* Release */ = {
			isa = XCBuildConfiguration;
			buildSettings = {
				ALWAYS_SEARCH_USER_PATHS = NO;
				ASSETCATALOG_COMPILER_GENERATE_SWIFT_ASSET_SYMBOL_EXTENSIONS = YES;
				CLANG_ANALYZER_NONNULL = YES;
				CLANG_ANALYZER_NUMBER_OBJECT_CONVERSION = YES_AGGRESSIVE;
				CLANG_CXX_LANGUAGE_STANDARD = "gnu++20";
				CLANG_ENABLE_MODULES = YES;
				CLANG_ENABLE_OBJC_ARC = YES;
				CLANG_ENABLE_OBJC_WEAK = YES;
				CLANG_WARN_BLOCK_CAPTURE_AUTORELEASING = YES;
				CLANG_WARN_BOOL_CONVERSION = YES;
				CLANG_WARN_COMMA = YES;
				CLANG_WARN_CONSTANT_CONVERSION = YES;
				CLANG_WARN_DEPRECATED_OBJC_IMPLEMENTATIONS = YES;
				CLANG_WARN_DIRECT_OBJC_ISA_USAGE = YES_ERROR;
				CLANG_WARN_DOCUMENTATION_COMMENTS = YES;
				CLANG_WARN_EMPTY_BODY = YES;
				CLANG_WARN_ENUM_CONVERSION = YES;
				CLANG_WARN_INFINITE_RECURSION = YES;
				CLANG_WARN_INT_CONVERSION = YES;
				CLANG_WARN_NON_LITERAL_NULL_CONVERSION = YES;
				CLANG_WARN_OBJC_IMPLICIT_RETAIN_SELF = YES;
				CLANG_WARN_OBJC_LITERAL_CONVERSION = YES;
				CLANG_WARN_OBJC_ROOT_CLASS = YES_ERROR;
				CLANG_WARN_QUOTED_INCLUDE_IN_FRAMEWORK_HEADER = YES;
				CLANG_WARN_RANGE_LOOP_ANALYSIS = YES;
				CLANG_WARN_STRICT_PROTOTYPES = YES;
				CLANG_WARN_SUSPICIOUS_MOVE = YES;
				CLANG_WARN_UNGUARDED_AVAILABILITY = YES_AGGRESSIVE;
				CLANG_WARN_UNREACHABLE_CODE = YES;
				CLANG_WARN__DUPLICATE_METHOD_MATCH = YES;
				COPY_PHASE_STRIP = NO;
				DEBUG_INFORMATION_FORMAT = "dwarf-with-dsym";
				ENABLE_NS_ASSERTIONS = NO;
				ENABLE_STRICT_OBJC_MSGSEND = YES;
				ENABLE_USER_SCRIPT_SANDBOXING = YES;
				GCC_C_LANGUAGE_STANDARD = gnu17;
				GCC_NO_COMMON_BLOCKS = YES;
				GCC_WARN_64_TO_32_BIT_CONVERSION = YES;
				GCC_WARN_ABOUT_RETURN_TYPE = YES_ERROR;
				GCC_WARN_UNDECLARED_SELECTOR = YES;
				GCC_WARN_UNINITIALIZED_AUTOS = YES_AGGRESSIVE;
				GCC_WARN_UNUSED_FUNCTION = YES;
				GCC_WARN_UNUSED_VARIABLE = YES;
				IPHONEOS_DEPLOYMENT_TARGET = 18.1;
				LOCALIZATION_PREFERS_STRING_CATALOGS = YES;
				MTL_ENABLE_DEBUG_INFO = NO;
				MTL_FAST_MATH = YES;
				SDKROOT = iphoneos;
				SWIFT_COMPILATION_MODE = wholemodule;
				VALIDATE_PRODUCT = YES;
			};
			name = Release;
		};
		016F2B6E2CDE9FC7004205E7 /* Debug */ = {
			isa = XCBuildConfiguration;
			buildSettings = {
				ASSETCATALOG_COMPILER_APPICON_NAME = AppIcon;
				ASSETCATALOG_COMPILER_GLOBAL_ACCENT_COLOR_NAME = AccentColor;
				CODE_SIGN_STYLE = Automatic;
				CURRENT_PROJECT_VERSION = 1;
				DEVELOPMENT_ASSET_PATHS = "\"Hauk/Preview Content\"";
				DEVELOPMENT_TEAM = 8SF744P2Y5;
				ENABLE_PREVIEWS = YES;
				GENERATE_INFOPLIST_FILE = NO;
				INFOPLIST_FILE = Hauk/Info.plist;
				INFOPLIST_KEY_LSApplicationCategoryType = "public.app-category.utilities";
				INFOPLIST_KEY_UIApplicationSceneManifest_Generation = NO;
				INFOPLIST_KEY_UIApplicationSupportsIndirectInputEvents = YES;
				INFOPLIST_KEY_UILaunchScreen_Generation = YES;
				INFOPLIST_KEY_UISupportedInterfaceOrientations_iPad = "UIInterfaceOrientationPortrait UIInterfaceOrientationPortraitUpsideDown UIInterfaceOrientationLandscapeLeft UIInterfaceOrientationLandscapeRight";
				INFOPLIST_KEY_UISupportedInterfaceOrientations_iPhone = "UIInterfaceOrientationPortrait UIInterfaceOrientationLandscapeLeft UIInterfaceOrientationLandscapeRight";
				IPHONEOS_DEPLOYMENT_TARGET = 17.6;
				LD_RUNPATH_SEARCH_PATHS = (
					"$(inherited)",
					"@executable_path/Frameworks",
				);
				MARKETING_VERSION = 0.1;
				PRODUCT_BUNDLE_IDENTIFIER = net.bouwhuis.nick.Hauk;
				PRODUCT_NAME = "$(TARGET_NAME)";
				SWIFT_EMIT_LOC_STRINGS = YES;
				SWIFT_VERSION = 5.0;
				TARGETED_DEVICE_FAMILY = "1,2";
			};
			name = Debug;
		};
		016F2B6F2CDE9FC7004205E7 /* Release */ = {
			isa = XCBuildConfiguration;
			buildSettings = {
				ASSETCATALOG_COMPILER_APPICON_NAME = AppIcon;
				ASSETCATALOG_COMPILER_GLOBAL_ACCENT_COLOR_NAME = AccentColor;
				CODE_SIGN_STYLE = Automatic;
				CURRENT_PROJECT_VERSION = 1;
				DEVELOPMENT_ASSET_PATHS = "\"Hauk/Preview Content\"";
				DEVELOPMENT_TEAM = 8SF744P2Y5;
				ENABLE_PREVIEWS = YES;
				GENERATE_INFOPLIST_FILE = NO;
				INFOPLIST_FILE = Hauk/Info.plist;
				INFOPLIST_KEY_LSApplicationCategoryType = "public.app-category.utilities";
				INFOPLIST_KEY_UIApplicationSceneManifest_Generation = NO;
				INFOPLIST_KEY_UIApplicationSupportsIndirectInputEvents = YES;
				INFOPLIST_KEY_UILaunchScreen_Generation = YES;
				INFOPLIST_KEY_UISupportedInterfaceOrientations_iPad = "UIInterfaceOrientationPortrait UIInterfaceOrientationPortraitUpsideDown UIInterfaceOrientationLandscapeLeft UIInterfaceOrientationLandscapeRight";
				INFOPLIST_KEY_UISupportedInterfaceOrientations_iPhone = "UIInterfaceOrientationPortrait UIInterfaceOrientationLandscapeLeft UIInterfaceOrientationLandscapeRight";
				IPHONEOS_DEPLOYMENT_TARGET = 17.6;
				LD_RUNPATH_SEARCH_PATHS = (
					"$(inherited)",
					"@executable_path/Frameworks",
				);
				MARKETING_VERSION = 0.1;
				PRODUCT_BUNDLE_IDENTIFIER = net.bouwhuis.nick.Hauk;
				PRODUCT_NAME = "$(TARGET_NAME)";
				SWIFT_EMIT_LOC_STRINGS = YES;
				SWIFT_VERSION = 5.0;
				TARGETED_DEVICE_FAMILY = "1,2";
			};
			name = Release;
		};
		016F2B712CDE9FC7004205E7 /* Debug */ = {
			isa = XCBuildConfiguration;
			buildSettings = {
				BUNDLE_LOADER = "$(TEST_HOST)";
				CODE_SIGN_STYLE = Automatic;
				CURRENT_PROJECT_VERSION = 1;
				DEVELOPMENT_TEAM = 8SF744P2Y5;
				GENERATE_INFOPLIST_FILE = YES;
				IPHONEOS_DEPLOYMENT_TARGET = 18.1;
				MARKETING_VERSION = 1.0;
				PRODUCT_BUNDLE_IDENTIFIER = net.bouwhuis.nick.HaukTests;
				PRODUCT_NAME = "$(TARGET_NAME)";
				SWIFT_EMIT_LOC_STRINGS = NO;
				SWIFT_VERSION = 5.0;
				TARGETED_DEVICE_FAMILY = "1,2";
				TEST_HOST = "$(BUILT_PRODUCTS_DIR)/Hauk.app/$(BUNDLE_EXECUTABLE_FOLDER_PATH)/Hauk";
			};
			name = Debug;
		};
		016F2B722CDE9FC7004205E7 /* Release */ = {
			isa = XCBuildConfiguration;
			buildSettings = {
				BUNDLE_LOADER = "$(TEST_HOST)";
				CODE_SIGN_STYLE = Automatic;
				CURRENT_PROJECT_VERSION = 1;
				DEVELOPMENT_TEAM = 8SF744P2Y5;
				GENERATE_INFOPLIST_FILE = YES;
				IPHONEOS_DEPLOYMENT_TARGET = 18.1;
				MARKETING_VERSION = 1.0;
				PRODUCT_BUNDLE_IDENTIFIER = net.bouwhuis.nick.HaukTests;
				PRODUCT_NAME = "$(TARGET_NAME)";
				SWIFT_EMIT_LOC_STRINGS = NO;
				SWIFT_VERSION = 5.0;
				TARGETED_DEVICE_FAMILY = "1,2";
				TEST_HOST = "$(BUILT_PRODUCTS_DIR)/Hauk.app/$(BUNDLE_EXECUTABLE_FOLDER_PATH)/Hauk";
			};
			name = Release;
		};
		016F2B742CDE9FC7004205E7 /* Debug */ = {
			isa = XCBuildConfiguration;
			buildSettings = {
				CODE_SIGN_STYLE = Automatic;
				CURRENT_PROJECT_VERSION = 1;
				DEVELOPMENT_TEAM = 8SF744P2Y5;
				GENERATE_INFOPLIST_FILE = YES;
				MARKETING_VERSION = 1.0;
				PRODUCT_BUNDLE_IDENTIFIER = net.bouwhuis.nick.HaukUITests;
				PRODUCT_NAME = "$(TARGET_NAME)";
				SWIFT_EMIT_LOC_STRINGS = NO;
				SWIFT_VERSION = 5.0;
				TARGETED_DEVICE_FAMILY = "1,2";
				TEST_TARGET_NAME = Hauk;
			};
			name = Debug;
		};
		016F2B752CDE9FC7004205E7 /* Release */ = {
			isa = XCBuildConfiguration;
			buildSettings = {
				CODE_SIGN_STYLE = Automatic;
				CURRENT_PROJECT_VERSION = 1;
				DEVELOPMENT_TEAM = 8SF744P2Y5;
				GENERATE_INFOPLIST_FILE = YES;
				MARKETING_VERSION = 1.0;
				PRODUCT_BUNDLE_IDENTIFIER = net.bouwhuis.nick.HaukUITests;
				PRODUCT_NAME = "$(TARGET_NAME)";
				SWIFT_EMIT_LOC_STRINGS = NO;
				SWIFT_VERSION = 5.0;
				TARGETED_DEVICE_FAMILY = "1,2";
				TEST_TARGET_NAME = Hauk;
			};
			name = Release;
		};
/* End XCBuildConfiguration section */

/* Begin XCConfigurationList section */
		016F2B442CDE9FC5004205E7 /* Build configuration list for PBXProject "Hauk" */ = {
			isa = XCConfigurationList;
			buildConfigurations = (
				016F2B6B2CDE9FC7004205E7 /* Debug */,
				016F2B6C2CDE9FC7004205E7 /* Release */,
			);
			defaultConfigurationIsVisible = 0;
			defaultConfigurationName = Release;
		};
		016F2B6D2CDE9FC7004205E7 /* Build configuration list for PBXNativeTarget "Hauk" */ = {
			isa = XCConfigurationList;
			buildConfigurations = (
				016F2B6E2CDE9FC7004205E7 /* Debug */,
				016F2B6F2CDE9FC7004205E7 /* Release */,
			);
			defaultConfigurationIsVisible = 0;
			defaultConfigurationName = Release;
		};
		016F2B702CDE9FC7004205E7 /* Build configuration list for PBXNativeTarget "HaukTests" */ = {
			isa = XCConfigurationList;
			buildConfigurations = (
				016F2B712CDE9FC7004205E7 /* Debug */,
				016F2B722CDE9FC7004205E7 /* Release */,
			);
			defaultConfigurationIsVisible = 0;
			defaultConfigurationName = Release;
		};
		016F2B732CDE9FC7004205E7 /* Build configuration list for PBXNativeTarget "HaukUITests" */ = {
			isa = XCConfigurationList;
			buildConfigurations = (
				016F2B742CDE9FC7004205E7 /* Debug */,
				016F2B752CDE9FC7004205E7 /* Release */,
			);
			defaultConfigurationIsVisible = 0;
			defaultConfigurationName = Release;
		};
/* End XCConfigurationList section */
	};
	rootObject = 016F2B412CDE9FC5004205E7 /* Project object */;
}
